
Microsoft Visual Studio Solution File, Format Version 12.00
# Visual Studio Version 17
VisualStudioVersion = 17.2.32616.157
MinimumVisualStudioVersion = 10.0.40219.1
Project("{FAE04EC0-301F-11D3-BF4B-00C04F79EFBC}") = "Tracker.Android", "Tracker\Tracker.Android\Tracker.Android.csproj", "{3C890AF1-3D2B-4BD6-9F41-361F2C7AC8EB}"
EndProject
Project("{FAE04EC0-301F-11D3-BF4B-00C04F79EFBC}") = "Tracker.iOS", "Tracker\Tracker.iOS\Tracker.iOS.csproj", "{73AD389C-D030-43E8-961C-593E542ECA55}"
EndProject
Project("{FAE04EC0-301F-11D3-BF4B-00C04F79EFBC}") = "Tracker", "Tracker\Tracker\Tracker.csproj", "{34F6FB26-6899-4F27-8607-343C80E6BCAA}"
EndProject
Global
	GlobalSection(SolutionConfigurationPlatforms) = preSolution
		Debug|Any CPU = Debug|Any CPU
		Debug|iPhone = Debug|iPhone
		Debug|iPhoneSimulator = Debug|iPhoneSimulator
		Release|Any CPU = Release|Any CPU
		Release|iPhone = Release|iPhone
		Release|iPhoneSimulator = Release|iPhoneSimulator
	EndGlobalSection
	GlobalSection(ProjectConfigurationPlatforms) = postSolution
		{3C890AF1-3D2B-4BD6-9F41-361F2C7AC8EB}.Debug|Any CPU.ActiveCfg = Debug|Any CPU
		{3C890AF1-3D2B-4BD6-9F41-361F2C7AC8EB}.Debug|Any CPU.Build.0 = Debug|Any CPU
		{3C890AF1-3D2B-4BD6-9F41-361F2C7AC8EB}.Debug|Any CPU.Deploy.0 = Debug|Any CPU
		{3C890AF1-3D2B-4BD6-9F41-361F2C7AC8EB}.Debug|iPhone.ActiveCfg = Debug|Any CPU
		{3C890AF1-3D2B-4BD6-9F41-361F2C7AC8EB}.Debug|iPhone.Build.0 = Debug|Any CPU
		{3C890AF1-3D2B-4BD6-9F41-361F2C7AC8EB}.Debug|iPhone.Deploy.0 = Debug|Any CPU
		{3C890AF1-3D2B-4BD6-9F41-361F2C7AC8EB}.Debug|iPhoneSimulator.ActiveCfg = Debug|Any CPU
		{3C890AF1-3D2B-4BD6-9F41-361F2C7AC8EB}.Debug|iPhoneSimulator.Build.0 = Debug|Any CPU
		{3C890AF1-3D2B-4BD6-9F41-361F2C7AC8EB}.Debug|iPhoneSimulator.Deploy.0 = Debug|Any CPU
		{3C890AF1-3D2B-4BD6-9F41-361F2C7AC8EB}.Release|Any CPU.ActiveCfg = Release|Any CPU
		{3C890AF1-3D2B-4BD6-9F41-361F2C7AC8EB}.Release|Any CPU.Build.0 = Release|Any CPU
		{3C890AF1-3D2B-4BD6-9F41-361F2C7AC8EB}.Release|Any CPU.Deploy.0 = Release|Any CPU
		{3C890AF1-3D2B-4BD6-9F41-361F2C7AC8EB}.Release|iPhone.ActiveCfg = Release|Any CPU
		{3C890AF1-3D2B-4BD6-9F41-361F2C7AC8EB}.Release|iPhone.Build.0 = Release|Any CPU
		{3C890AF1-3D2B-4BD6-9F41-361F2C7AC8EB}.Release|iPhone.Deploy.0 = Release|Any CPU
		{3C890AF1-3D2B-4BD6-9F41-361F2C7AC8EB}.Release|iPhoneSimulator.ActiveCfg = Release|Any CPU
		{3C890AF1-3D2B-4BD6-9F41-361F2C7AC8EB}.Release|iPhoneSimulator.Build.0 = Release|Any CPU
		{3C890AF1-3D2B-4BD6-9F41-361F2C7AC8EB}.Release|iPhoneSimulator.Deploy.0 = Release|Any CPU
		{73AD389C-D030-43E8-961C-593E542ECA55}.Debug|Any CPU.ActiveCfg = Debug|iPhone
		{73AD389C-D030-43E8-961C-593E542ECA55}.Debug|Any CPU.Build.0 = Debug|iPhone
		{73AD389C-D030-43E8-961C-593E542ECA55}.Debug|Any CPU.Deploy.0 = Debug|iPhone
		{73AD389C-D030-43E8-961C-593E542ECA55}.Debug|iPhone.ActiveCfg = Debug|iPhone
		{73AD389C-D030-43E8-961C-593E542ECA55}.Debug|iPhone.Build.0 = Debug|iPhone
		{73AD389C-D030-43E8-961C-593E542ECA55}.Debug|iPhone.Deploy.0 = Debug|iPhone
		{73AD389C-D030-43E8-961C-593E542ECA55}.Debug|iPhoneSimulator.ActiveCfg = Debug|iPhoneSimulator
		{73AD389C-D030-43E8-961C-593E542ECA55}.Debug|iPhoneSimulator.Build.0 = Debug|iPhoneSimulator
		{73AD389C-D030-43E8-961C-593E542ECA55}.Debug|iPhoneSimulator.Deploy.0 = Debug|iPhoneSimulator
		{73AD389C-D030-43E8-961C-593E542ECA55}.Release|Any CPU.ActiveCfg = Release|iPhoneSimulator
		{73AD389C-D030-43E8-961C-593E542ECA55}.Release|Any CPU.Build.0 = Release|iPhoneSimulator
		{73AD389C-D030-43E8-961C-593E542ECA55}.Release|Any CPU.Deploy.0 = Release|iPhoneSimulator
		{73AD389C-D030-43E8-961C-593E542ECA55}.Release|iPhone.ActiveCfg = Release|iPhone
		{73AD389C-D030-43E8-961C-593E542ECA55}.Release|iPhone.Build.0 = Release|iPhone
		{73AD389C-D030-43E8-961C-593E542ECA55}.Release|iPhone.Deploy.0 = Release|iPhone
		{73AD389C-D030-43E8-961C-593E542ECA55}.Release|iPhoneSimulator.ActiveCfg = Release|iPhoneSimulator
		{73AD389C-D030-43E8-961C-593E542ECA55}.Release|iPhoneSimulator.Build.0 = Release|iPhoneSimulator
		{73AD389C-D030-43E8-961C-593E542ECA55}.Release|iPhoneSimulator.Deploy.0 = Release|iPhoneSimulator
		{34F6FB26-6899-4F27-8607-343C80E6BCAA}.Debug|Any CPU.ActiveCfg = Debug|Any CPU
		{34F6FB26-6899-4F27-8607-343C80E6BCAA}.Debug|Any CPU.Build.0 = Debug|Any CPU
		{34F6FB26-6899-4F27-8607-343C80E6BCAA}.Debug|Any CPU.Deploy.0 = Debug|Any CPU
		{34F6FB26-6899-4F27-8607-343C80E6BCAA}.Debug|iPhone.ActiveCfg = Debug|Any CPU
		{34F6FB26-6899-4F27-8607-343C80E6BCAA}.Debug|iPhone.Build.0 = Debug|Any CPU
		{34F6FB26-6899-4F27-8607-343C80E6BCAA}.Debug|iPhone.Deploy.0 = Debug|Any CPU
		{34F6FB26-6899-4F27-8607-343C80E6BCAA}.Debug|iPhoneSimulator.ActiveCfg = Debug|Any CPU
		{34F6FB26-6899-4F27-8607-343C80E6BCAA}.Debug|iPhoneSimulator.Build.0 = Debug|Any CPU
		{34F6FB26-6899-4F27-8607-343C80E6BCAA}.Debug|iPhoneSimulator.Deploy.0 = Debug|Any CPU
		{34F6FB26-6899-4F27-8607-343C80E6BCAA}.Release|Any CPU.ActiveCfg = Release|Any CPU
		{34F6FB26-6899-4F27-8607-343C80E6BCAA}.Release|Any CPU.Build.0 = Release|Any CPU
		{34F6FB26-6899-4F27-8607-343C80E6BCAA}.Release|Any CPU.Deploy.0 = Release|Any CPU
		{34F6FB26-6899-4F27-8607-343C80E6BCAA}.Release|iPhone.ActiveCfg = Release|Any CPU
		{34F6FB26-6899-4F27-8607-343C80E6BCAA}.Release|iPhone.Build.0 = Release|Any CPU
		{34F6FB26-6899-4F27-8607-343C80E6BCAA}.Release|iPhone.Deploy.0 = Release|Any CPU
		{34F6FB26-6899-4F27-8607-343C80E6BCAA}.Release|iPhoneSimulator.ActiveCfg = Release|Any CPU
		{34F6FB26-6899-4F27-8607-343C80E6BCAA}.Release|iPhoneSimulator.Build.0 = Release|Any CPU
		{34F6FB26-6899-4F27-8607-343C80E6BCAA}.Release|iPhoneSimulator.Deploy.0 = Release|Any CPU
	EndGlobalSection
	GlobalSection(SolutionProperties) = preSolution
		HideSolutionNode = FALSE
	EndGlobalSection
	GlobalSection(ExtensibilityGlobals) = postSolution
		SolutionGuid = {070B486C-2F4A-4990-96A4-E0E90F03111B}
	EndGlobalSection
EndGlobal
